
Microsoft Visual Studio Solution File, Format Version 12.00
# Visual Studio Version 17
VisualStudioVersion = 17.7.34221.43
MinimumVisualStudioVersion = 10.0.40219.1
Project("{FAE04EC0-301F-11D3-BF4B-00C04F79EFBC}") = "Assignment3", "Assignment3\Assignment3.csproj", "{95F63C2A-3746-4C95-BB0E-80981B6D0B83}"
EndProject
Global
	GlobalSection(SolutionConfigurationPlatforms) = preSolution
		Debug|Any CPU = Debug|Any CPU
		Release|Any CPU = Release|Any CPU
	EndGlobalSection
	GlobalSection(ProjectConfigurationPlatforms) = postSolution
		{95F63C2A-3746-4C95-BB0E-80981B6D0B83}.Debug|Any CPU.ActiveCfg = Debug|Any CPU
		{95F63C2A-3746-4C95-BB0E-80981B6D0B83}.Debug|Any CPU.Build.0 = Debug|Any CPU
		{95F63C2A-3746-4C95-BB0E-80981B6D0B83}.Release|Any CPU.ActiveCfg = Release|Any CPU
		{95F63C2A-3746-4C95-BB0E-80981B6D0B83}.Release|Any CPU.Build.0 = Release|Any CPU
	EndGlobalSection
	GlobalSection(SolutionProperties) = preSolution
		HideSolutionNode = FALSE
	EndGlobalSection
	GlobalSection(ExtensibilityGlobals) = postSolution
		SolutionGuid = {4950536E-D585-4E28-8EB9-B5B0B9163737}
	EndGlobalSection
EndGlobal
